
Microsoft Visual Studio Solution File, Format Version 12.00
# Visual Studio Version 16
VisualStudioVersion = 16.0.31019.35
MinimumVisualStudioVersion = 10.0.40219.1
Project("{FAE04EC0-301F-11D3-BF4B-00C04F79EFBC}") = "Laba4", "Laba4\Laba4.csproj", "{76F06454-82D0-45E1-8292-D1DF50F1F008}"
EndProject
Global
	GlobalSection(SolutionConfigurationPlatforms) = preSolution
		Debug|Any CPU = Debug|Any CPU
		Release|Any CPU = Release|Any CPU
	EndGlobalSection
	GlobalSection(ProjectConfigurationPlatforms) = postSolution
		{76F06454-82D0-45E1-8292-D1DF50F1F008}.Debug|Any CPU.ActiveCfg = Debug|Any CPU
		{76F06454-82D0-45E1-8292-D1DF50F1F008}.Debug|Any CPU.Build.0 = Debug|Any CPU
		{76F06454-82D0-45E1-8292-D1DF50F1F008}.Release|Any CPU.ActiveCfg = Release|Any CPU
		{76F06454-82D0-45E1-8292-D1DF50F1F008}.Release|Any CPU.Build.0 = Release|Any CPU
	EndGlobalSection
	GlobalSection(SolutionProperties) = preSolution
		HideSolutionNode = FALSE
	EndGlobalSection
	GlobalSection(ExtensibilityGlobals) = postSolution
		SolutionGuid = {DE746AD5-E6B4-41A0-8D6D-EC2AE45B8818}
	EndGlobalSection
EndGlobal
