
Microsoft Visual Studio Solution File, Format Version 12.00
# Visual Studio Version 16
VisualStudioVersion = 16.0.31019.35
MinimumVisualStudioVersion = 10.0.40219.1
Project("{FAE04EC0-301F-11D3-BF4B-00C04F79EFBC}") = "Laba2_twoForms", "Laba2_twoForms\Laba2_twoForms.csproj", "{4CAACF49-7388-4575-A12C-33EC71AD7EE1}"
EndProject
Global
	GlobalSection(SolutionConfigurationPlatforms) = preSolution
		Debug|Any CPU = Debug|Any CPU
		Release|Any CPU = Release|Any CPU
	EndGlobalSection
	GlobalSection(ProjectConfigurationPlatforms) = postSolution
		{4CAACF49-7388-4575-A12C-33EC71AD7EE1}.Debug|Any CPU.ActiveCfg = Debug|Any CPU
		{4CAACF49-7388-4575-A12C-33EC71AD7EE1}.Debug|Any CPU.Build.0 = Debug|Any CPU
		{4CAACF49-7388-4575-A12C-33EC71AD7EE1}.Release|Any CPU.ActiveCfg = Release|Any CPU
		{4CAACF49-7388-4575-A12C-33EC71AD7EE1}.Release|Any CPU.Build.0 = Release|Any CPU
	EndGlobalSection
	GlobalSection(SolutionProperties) = preSolution
		HideSolutionNode = FALSE
	EndGlobalSection
	GlobalSection(ExtensibilityGlobals) = postSolution
		SolutionGuid = {5640D194-B022-4EA5-80BF-31BFB78AD48B}
	EndGlobalSection
EndGlobal
